
Microsoft Visual Studio Solution File, Format Version 12.00
# Visual Studio Version 17
VisualStudioVersion = 17.9.34607.119
MinimumVisualStudioVersion = 10.0.40219.1
Project("{9A19103F-16F7-4668-BE54-9A1E7A4F7556}") = "TrilhaApiDesafio", "TrilhaApiDesafio.csproj", "{FF22A3C7-DF4C-48C2-8BAC-D29251C3FE9E}"
EndProject
Global
	GlobalSection(SolutionConfigurationPlatforms) = preSolution
		Debug|Any CPU = Debug|Any CPU
		Release|Any CPU = Release|Any CPU
	EndGlobalSection
	GlobalSection(ProjectConfigurationPlatforms) = postSolution
		{FF22A3C7-DF4C-48C2-8BAC-D29251C3FE9E}.Debug|Any CPU.ActiveCfg = Debug|Any CPU
		{FF22A3C7-DF4C-48C2-8BAC-D29251C3FE9E}.Debug|Any CPU.Build.0 = Debug|Any CPU
		{FF22A3C7-DF4C-48C2-8BAC-D29251C3FE9E}.Release|Any CPU.ActiveCfg = Release|Any CPU
		{FF22A3C7-DF4C-48C2-8BAC-D29251C3FE9E}.Release|Any CPU.Build.0 = Release|Any CPU
	EndGlobalSection
	GlobalSection(SolutionProperties) = preSolution
		HideSolutionNode = FALSE
	EndGlobalSection
	GlobalSection(ExtensibilityGlobals) = postSolution
		SolutionGuid = {127F2837-ABE5-4EC1-B671-6FECDF189ED6}
	EndGlobalSection
EndGlobal
